
Microsoft Visual Studio Solution File, Format Version 12.00
# Visual Studio 15
VisualStudioVersion = 15.0.27703.1
MinimumVisualStudioVersion = 10.0.40219.1
Project("{FAE04EC0-301F-11D3-BF4B-00C04F79EFBC}") = "UniversalRepository", "UniversalRepository\UniversalRepository.csproj", "{4D22749B-F629-435C-9468-930A916E94AA}"
EndProject
Global
	GlobalSection(SolutionConfigurationPlatforms) = preSolution
		Debug|Any CPU = Debug|Any CPU
		Release|Any CPU = Release|Any CPU
	EndGlobalSection
	GlobalSection(ProjectConfigurationPlatforms) = postSolution
		{4D22749B-F629-435C-9468-930A916E94AA}.Debug|Any CPU.ActiveCfg = Debug|Any CPU
		{4D22749B-F629-435C-9468-930A916E94AA}.Debug|Any CPU.Build.0 = Debug|Any CPU
		{4D22749B-F629-435C-9468-930A916E94AA}.Release|Any CPU.ActiveCfg = Release|Any CPU
		{4D22749B-F629-435C-9468-930A916E94AA}.Release|Any CPU.Build.0 = Release|Any CPU
	EndGlobalSection
	GlobalSection(SolutionProperties) = preSolution
		HideSolutionNode = FALSE
	EndGlobalSection
	GlobalSection(ExtensibilityGlobals) = postSolution
		SolutionGuid = {31178369-8C00-49F5-9CAA-63D5249C143D}
	EndGlobalSection
EndGlobal
